
Microsoft Visual Studio Solution File, Format Version 12.00
# Visual Studio Version 17
VisualStudioVersion = 17.5.33502.453
MinimumVisualStudioVersion = 10.0.40219.1
Project("{FAE04EC0-301F-11D3-BF4B-00C04F79EFBC}") = "TUGAS_PRAKTIKUM_WEATHER", "TUGAS_PRAKTIKUM_WEATHER\TUGAS_PRAKTIKUM_WEATHER.csproj", "{C9C713B2-4789-422C-93D4-DB48DC568510}"
EndProject
Global
	GlobalSection(SolutionConfigurationPlatforms) = preSolution
		Debug|Any CPU = Debug|Any CPU
		Release|Any CPU = Release|Any CPU
	EndGlobalSection
	GlobalSection(ProjectConfigurationPlatforms) = postSolution
		{C9C713B2-4789-422C-93D4-DB48DC568510}.Debug|Any CPU.ActiveCfg = Debug|Any CPU
		{C9C713B2-4789-422C-93D4-DB48DC568510}.Debug|Any CPU.Build.0 = Debug|Any CPU
		{C9C713B2-4789-422C-93D4-DB48DC568510}.Release|Any CPU.ActiveCfg = Release|Any CPU
		{C9C713B2-4789-422C-93D4-DB48DC568510}.Release|Any CPU.Build.0 = Release|Any CPU
	EndGlobalSection
	GlobalSection(SolutionProperties) = preSolution
		HideSolutionNode = FALSE
	EndGlobalSection
	GlobalSection(ExtensibilityGlobals) = postSolution
		SolutionGuid = {66F96F30-5FE4-403D-93A6-4A9CB8B8FD28}
	EndGlobalSection
EndGlobal
